
Microsoft Visual Studio Solution File, Format Version 12.00
# Visual Studio Version 17
VisualStudioVersion = 17.5.33530.505
MinimumVisualStudioVersion = 10.0.40219.1
Project("{FAE04EC0-301F-11D3-BF4B-00C04F79EFBC}") = "FinanceDashboard", "FinanceDashboard\FinanceDashboard.csproj", "{A5E66A71-46D0-417A-9441-66A4D4201941}"
EndProject
Global
	GlobalSection(SolutionConfigurationPlatforms) = preSolution
		Debug|Any CPU = Debug|Any CPU
		Release|Any CPU = Release|Any CPU
	EndGlobalSection
	GlobalSection(ProjectConfigurationPlatforms) = postSolution
		{A5E66A71-46D0-417A-9441-66A4D4201941}.Debug|Any CPU.ActiveCfg = Debug|Any CPU
		{A5E66A71-46D0-417A-9441-66A4D4201941}.Debug|Any CPU.Build.0 = Debug|Any CPU
		{A5E66A71-46D0-417A-9441-66A4D4201941}.Release|Any CPU.ActiveCfg = Release|Any CPU
		{A5E66A71-46D0-417A-9441-66A4D4201941}.Release|Any CPU.Build.0 = Release|Any CPU
	EndGlobalSection
	GlobalSection(SolutionProperties) = preSolution
		HideSolutionNode = FALSE
	EndGlobalSection
	GlobalSection(ExtensibilityGlobals) = postSolution
		SolutionGuid = {DC557462-EE09-4DD8-9A16-FDE1E7DC8F47}
	EndGlobalSection
EndGlobal
